Microsoft Visual Studio Solution File, Format Version 12.00
# Visual Studio Version 17
VisualStudioVersion = 17.4.32922.545
MinimumVisualStudioVersion = 10.0.40219.1
Project("{FAE04EC0-301F-11D3-BF4B-00C04F79EFBC}") = "LeXtudio.DevFlow.Agent.Core", "LeXtudio.DevFlow.Agent.Core\LeXtudio.DevFlow.Agent.Core.csproj", "{6B0B2C48-4B64-4D98-99C0-16E5F3B9BFB2}"
EndProject
Project("{FAE04EC0-301F-11D3-BF4B-00C04F79EFBC}") = "LeXtudio.DevFlow.Agent.WPF", "LeXtudio.DevFlow.Agent.WPF\LeXtudio.DevFlow.Agent.WPF.csproj", "{CF4E5829-0FB8-4F8B-87A9-EF3D9C24A4E4}"
EndProject
Project("{FAE04EC0-301F-11D3-BF4B-00C04F79EFBC}") = "LeXtudio.DevFlow.Agent.WPF.Tests", "LeXtudio.DevFlow.Agent.WPF.Tests\LeXtudio.DevFlow.Agent.WPF.Tests.csproj", "{E5EF2F7F-69E3-4F63-A54D-5C3D4234FD5D}"
EndProject
Project("{FAE04EC0-301F-11D3-BF4B-00C04F79EFBC}") = "WpfDevFlowTestApp", "WpfDevFlowTestApp\WpfDevFlowTestApp.csproj", "{D7E9C1C3-41B4-4C39-BEF1-649F75D3AED2}"
EndProject
Project("{FAE04EC0-301F-11D3-BF4B-00C04F79EFBC}") = "LeXtudio.DevFlow.Agent.WinForms", "LeXtudio.DevFlow.Agent.WinForms\LeXtudio.DevFlow.Agent.WinForms.csproj", "{A84C6BF7-C5C4-4DF3-B89B-CA8898E3B841}"
EndProject
Project("{FAE04EC0-301F-11D3-BF4B-00C04F79EFBC}") = "LeXtudio.DevFlow.Agent.WinForms.Tests", "LeXtudio.DevFlow.Agent.WinForms.Tests\LeXtudio.DevFlow.Agent.WinForms.Tests.csproj", "{1577567F-434F-4373-8A32-24DF9A7E4B22}"
EndProject
Project("{FAE04EC0-301F-11D3-BF4B-00C04F79EFBC}") = "WinFormsDevFlowTestApp", "WinFormsDevFlowTestApp\WinFormsDevFlowTestApp.csproj", "{681B7612-E957-4A2A-B3E4-744D1E67CE33}"
EndProject
Global
	GlobalSection(SolutionConfigurationPlatforms) = preSolution
		Debug|Any CPU = Debug|Any CPU
		Release|Any CPU = Release|Any CPU
	EndGlobalSection
	GlobalSection(ProjectConfigurationPlatforms) = postSolution
		{6B0B2C48-4B64-4D98-99C0-16E5F3B9BFB2}.Debug|Any CPU.ActiveCfg = Debug|Any CPU
		{6B0B2C48-4B64-4D98-99C0-16E5F3B9BFB2}.Debug|Any CPU.Build.0 = Debug|Any CPU
		{6B0B2C48-4B64-4D98-99C0-16E5F3B9BFB2}.Release|Any CPU.ActiveCfg = Release|Any CPU
		{6B0B2C48-4B64-4D98-99C0-16E5F3B9BFB2}.Release|Any CPU.Build.0 = Release|Any CPU
		{CF4E5829-0FB8-4F8B-87A9-EF3D9C24A4E4}.Debug|Any CPU.ActiveCfg = Debug|Any CPU
		{CF4E5829-0FB8-4F8B-87A9-EF3D9C24A4E4}.Debug|Any CPU.Build.0 = Debug|Any CPU
		{CF4E5829-0FB8-4F8B-87A9-EF3D9C24A4E4}.Release|Any CPU.ActiveCfg = Release|Any CPU
		{CF4E5829-0FB8-4F8B-87A9-EF3D9C24A4E4}.Release|Any CPU.Build.0 = Release|Any CPU
		{E5EF2F7F-69E3-4F63-A54D-5C3D4234FD5D}.Debug|Any CPU.ActiveCfg = Debug|Any CPU
		{E5EF2F7F-69E3-4F63-A54D-5C3D4234FD5D}.Debug|Any CPU.Build.0 = Debug|Any CPU
		{E5EF2F7F-69E3-4F63-A54D-5C3D4234FD5D}.Release|Any CPU.ActiveCfg = Release|Any CPU
		{E5EF2F7F-69E3-4F63-A54D-5C3D4234FD5D}.Release|Any CPU.Build.0 = Release|Any CPU
		{D7E9C1C3-41B4-4C39-BEF1-649F75D3AED2}.Debug|Any CPU.ActiveCfg = Debug|Any CPU
		{D7E9C1C3-41B4-4C39-BEF1-649F75D3AED2}.Debug|Any CPU.Build.0 = Debug|Any CPU
		{D7E9C1C3-41B4-4C39-BEF1-649F75D3AED2}.Release|Any CPU.ActiveCfg = Release|Any CPU
		{D7E9C1C3-41B4-4C39-BEF1-649F75D3AED2}.Release|Any CPU.Build.0 = Release|Any CPU
		{A84C6BF7-C5C4-4DF3-B89B-CA8898E3B841}.Debug|Any CPU.ActiveCfg = Debug|Any CPU
		{A84C6BF7-C5C4-4DF3-B89B-CA8898E3B841}.Debug|Any CPU.Build.0 = Debug|Any CPU
		{A84C6BF7-C5C4-4DF3-B89B-CA8898E3B841}.Release|Any CPU.ActiveCfg = Release|Any CPU
		{A84C6BF7-C5C4-4DF3-B89B-CA8898E3B841}.Release|Any CPU.Build.0 = Release|Any CPU
		{1577567F-434F-4373-8A32-24DF9A7E4B22}.Debug|Any CPU.ActiveCfg = Debug|Any CPU
		{1577567F-434F-4373-8A32-24DF9A7E4B22}.Debug|Any CPU.Build.0 = Debug|Any CPU
		{1577567F-434F-4373-8A32-24DF9A7E4B22}.Release|Any CPU.ActiveCfg = Release|Any CPU
		{1577567F-434F-4373-8A32-24DF9A7E4B22}.Release|Any CPU.Build.0 = Release|Any CPU
		{681B7612-E957-4A2A-B3E4-744D1E67CE33}.Debug|Any CPU.ActiveCfg = Debug|Any CPU
		{681B7612-E957-4A2A-B3E4-744D1E67CE33}.Debug|Any CPU.Build.0 = Debug|Any CPU
		{681B7612-E957-4A2A-B3E4-744D1E67CE33}.Release|Any CPU.ActiveCfg = Release|Any CPU
		{681B7612-E957-4A2A-B3E4-744D1E67CE33}.Release|Any CPU.Build.0 = Release|Any CPU
	EndGlobalSection
EndGlobal
